# This file is autogenerated, do not edit; changes may be undone by the next 'dep ensure'.


[[projects]]
  digest = "1:6503b55a93848f2365ab2715ed64ec47ff245026668a0c5409807a347e0f6568"
  name = "github.com/Luzifer/rconfig"
  packages = ["."]
  pruneopts = "NUT"
  revision = "7aef1d393c1e2d0758901853b59981c7adc67c7e"
  version = "v1.2.0"

[[projects]]
  digest = "1:718c57979a9197414a044fff2028e57cb9fe145069e4f507059755bfe87f1bfe"
  name = "github.com/influxdata/influxdb"
  packages = [
    "client/v2",
    "models",
    "pkg/escape",
  ]
  pruneopts = "NUT"
  revision = "698dbc789aff13c2678357a6b93ff73dd7136571"
  version = "v1.7.3"

[[projects]]
  digest = "1:937258f1293bc9295b4789b0abea5b4ec030e3caecb65a4e1dc0b6999957a5ed"
  name = "github.com/influxdata/platform"
  packages = [
    "models",
    "pkg/escape",
  ]
  pruneopts = "NUT"
  revision = "0f79e4ea3248354c789cba274542e0a8e55971db"

[[projects]]
  digest = "1:14715f705ff5dfe0ffd6571d7d201dd8e921030f8070321a79380d8ca4ec1a24"
  name = "github.com/pkg/errors"
  packages = ["."]
  pruneopts = "NUT"
  revision = "ba968bfe8b2f7e042a574c888954fccecfa385b4"
  version = "v0.8.1"

[[projects]]
  digest = "1:e977852d2828769521a7da3a2fed51416ccc9d7e8d5ca0e63c64066f0bfd5f32"
  name = "github.com/sirupsen/logrus"
  packages = ["."]
  pruneopts = "NUT"
  revision = "59d0ca41e5faad81cac03f7a7d84ba80d9cc9673"

[[projects]]
  digest = "1:3ab855aa584d08db6541ce99dad60c12bd6a328ecb8a7358363887f85c976347"
  name = "github.com/spf13/pflag"
  packages = ["."]
  pruneopts = "NUT"
  revision = "e57e3eeb33f795204c1ca35f56c44f83227c6e66"
  version = "v1.0.0"

[[projects]]
  digest = "1:eb24bda4388b169c14b6dcfd910eab9bfada54502fe4d1da80889730fbc63b41"
  name = "golang.org/x/sys"
  packages = ["unix"]
  pruneopts = "NUT"
  revision = "739734461d1c916b6c72a63d7efda2b27edb369f"

[[projects]]
  digest = "1:04dfacfe3f51ed62d0c82fd6243c27eb4828850407398227c629fcd2934ab3ca"
  name = "gopkg.in/validator.v2"
  packages = ["."]
  pruneopts = "NUT"
  revision = "07ffaad256c8e957050ad83d6472eb97d785013d"

[[projects]]
  digest = "1:335f30dbcc562002cac406b45584526ca0e9a97675db4c7edbd2a7c6f99e31dd"
  name = "gopkg.in/yaml.v2"
  packages = ["."]
  pruneopts = "NUT"
  revision = "cd8b52f8269e0feb286dfeef29f8fe4d5b397e0b"

[solve-meta]
  analyzer-name = "dep"
  analyzer-version = 1
  input-imports = [
    "github.com/Luzifer/rconfig",
    "github.com/influxdata/influxdb/client/v2",
    "github.com/pkg/errors",
    "github.com/sirupsen/logrus",
  ]
  solver-name = "gps-cdcl"
  solver-version = 1
